
Microsoft Visual Studio Solution File, Format Version 12.00
# Visual Studio 15
VisualStudioVersion = 15.0.27004.2005
MinimumVisualStudioVersion = 10.0.40219.1
Project("{FAE04EC0-301F-11D3-BF4B-00C04F79EFBC}") = "WithoutIdentity", "WithoutIdentity\WithoutIdentity.csproj", "{694A5165-7D59-41A4-ACC9-3CA3AAF042EC}"
EndProject
Global
	GlobalSection(SolutionConfigurationPlatforms) = preSolution
		Debug|Any CPU = Debug|Any CPU
		Release|Any CPU = Release|Any CPU
	EndGlobalSection
	GlobalSection(ProjectConfigurationPlatforms) = postSolution
		{694A5165-7D59-41A4-ACC9-3CA3AAF042EC}.Debug|Any CPU.ActiveCfg = Debug|Any CPU
		{694A5165-7D59-41A4-ACC9-3CA3AAF042EC}.Debug|Any CPU.Build.0 = Debug|Any CPU
		{694A5165-7D59-41A4-ACC9-3CA3AAF042EC}.Release|Any CPU.ActiveCfg = Release|Any CPU
		{694A5165-7D59-41A4-ACC9-3CA3AAF042EC}.Release|Any CPU.Build.0 = Release|Any CPU
	EndGlobalSection
	GlobalSection(SolutionProperties) = preSolution
		HideSolutionNode = FALSE
	EndGlobalSection
	GlobalSection(ExtensibilityGlobals) = postSolution
		SolutionGuid = {DA1208AB-439F-435C-B665-3CF403FB3165}
	EndGlobalSection
EndGlobal
